{
    "name": "@local/common",
    "version": "0.0.0",
    "lockfileVersion": 2,
    "requires": true,
    "packages": {
        "": {
            "name": "@local/common",
            "version": "0.0.0",
            "license": "Apache-2.0",
            "devDependencies": {
                "@mcma/aws-client": "0.14.8",
                "@mcma/client": "0.14.8",
                "@mcma/core": "0.14.8",
                "@mcma/data": "0.14.8",
                "@types/node": "^10.17.35"
            },
            "peerDependencies": {
                "@mcma/aws-client": "0.14.8",
                "@mcma/client": "0.14.8",
                "@mcma/core": "0.14.8",
                "@mcma/data": "0.14.8"
            }
        },
        "node_modules/@mcma/aws-client": {
            "version": "0.14.8",
            "resolved": "https://registry.npmjs.org/@mcma/aws-client/-/aws-client-0.14.8.tgz",
            "integrity": "sha512-4flxG1uo5bASlPjhoaAWVmgt7demIzhuFCT+padgipuxcVVbQKUr0QRR442IvDxck5jOe9+kH2AlCWULChKQ9w==",
            "dev": true,
            "dependencies": {
                "crypto-js": "^3.1.9-1"
            },
            "engines": {
                "node": "^14.17.0"
            },
            "peerDependencies": {
                "@mcma/client": "0.14.8",
                "@mcma/core": "0.14.8"
            }
        },
        "node_modules/@mcma/client": {
            "version": "0.14.8",
            "resolved": "https://registry.npmjs.org/@mcma/client/-/client-0.14.8.tgz",
            "integrity": "sha512-4zhGla3reHVeMcDa2R797Cj5X2riManyUiHwFRXgMrbIfaNb/KnqWpWYgwoOjUQcXkfILzCXpKqqs2srK2YNAA==",
            "dev": true,
            "dependencies": {
                "axios": "^0.24.0"
            },
            "engines": {
                "node": "^14.17.0"
            },
            "peerDependencies": {
                "@mcma/core": "0.14.8"
            }
        },
        "node_modules/@mcma/core": {
            "version": "0.14.8",
            "resolved": "https://registry.npmjs.org/@mcma/core/-/core-0.14.8.tgz",
            "integrity": "sha512-RChE61G11Ta1E743CtivmQe9TOW10kl5+BiyS+LOpZUtjsVbkEPVCN8Y3x47H03sto24ghlOGUQMURwTlebCLA==",
            "dev": true,
            "dependencies": {
                "uuid": "^7.0.3"
            },
            "engines": {
                "node": "^14.17.0"
            }
        },
        "node_modules/@mcma/data": {
            "version": "0.14.8",
            "resolved": "https://registry.npmjs.org/@mcma/data/-/data-0.14.8.tgz",
            "integrity": "sha512-VqyRbYqoo7qDZVvO2hLzZGfJPeC6BnCA7RCcHdQ5HMDHZOi3IGBIoTUVNDOtPYVn0f9zlmb8I79xNwoRTTgQkg==",
            "dev": true,
            "engines": {
                "node": "^14.17.0"
            },
            "peerDependencies": {
                "@mcma/core": "0.14.8"
            }
        },
        "node_modules/@types/node": {
            "version": "10.17.60",
            "resolved": "https://registry.npmjs.org/@types/node/-/node-10.17.60.tgz",
            "integrity": "sha512-F0KIgDJfy2nA3zMLmWGKxcH2ZVEtCZXHHdOQs2gSaQ27+lNeEfGxzkIw90aXswATX7AZ33tahPbzy6KAfUreVw==",
            "dev": true
        },
        "node_modules/axios": {
            "version": "0.24.0",
            "resolved": "https://registry.npmjs.org/axios/-/axios-0.24.0.tgz",
            "integrity": "sha512-Q6cWsys88HoPgAaFAVUb0WpPk0O8iTeisR9IMqy9G8AbO4NlpVknrnQS03zzF9PGAWgO3cgletO3VjV/P7VztA==",
            "dev": true,
            "dependencies": {
                "follow-redirects": "^1.14.4"
            }
        },
        "node_modules/crypto-js": {
            "version": "3.3.0",
            "resolved": "https://registry.npmjs.org/crypto-js/-/crypto-js-3.3.0.tgz",
            "integrity": "sha512-DIT51nX0dCfKltpRiXV+/TVZq+Qq2NgF4644+K7Ttnla7zEzqc+kjJyiB96BHNyUTBxyjzRcZYpUdZa+QAqi6Q==",
            "dev": true
        },
        "node_modules/follow-redirects": {
            "version": "1.15.2",
            "resolved": "https://registry.npmjs.org/follow-redirects/-/follow-redirects-1.15.2.tgz",
            "integrity": "sha512-VQLG33o04KaQ8uYi2tVNbdrWp1QWxNNea+nmIB4EVM28v0hmP17z7aG1+wAkNzVq4KeXTq3221ye5qTJP91JwA==",
            "dev": true,
            "funding": [
                {
                    "type": "individual",
                    "url": "https://github.com/sponsors/RubenVerborgh"
                }
            ],
            "engines": {
                "node": ">=4.0"
            },
            "peerDependenciesMeta": {
                "debug": {
                    "optional": true
                }
            }
        },
        "node_modules/uuid": {
            "version": "7.0.3",
            "resolved": "https://registry.npmjs.org/uuid/-/uuid-7.0.3.tgz",
            "integrity": "sha512-DPSke0pXhTZgoF/d+WSt2QaKMCFSfx7QegxEWT+JOuHF5aWrKEn0G+ztjuJg/gG8/ItK+rbPCD/yNv8yyih6Cg==",
            "dev": true,
            "bin": {
                "uuid": "dist/bin/uuid"
            }
        }
    },
    "dependencies": {
        "@mcma/aws-client": {
            "version": "0.14.8",
            "resolved": "https://registry.npmjs.org/@mcma/aws-client/-/aws-client-0.14.8.tgz",
            "integrity": "sha512-4flxG1uo5bASlPjhoaAWVmgt7demIzhuFCT+padgipuxcVVbQKUr0QRR442IvDxck5jOe9+kH2AlCWULChKQ9w==",
            "dev": true,
            "requires": {
                "crypto-js": "^3.1.9-1"
            }
        },
        "@mcma/client": {
            "version": "0.14.8",
            "resolved": "https://registry.npmjs.org/@mcma/client/-/client-0.14.8.tgz",
            "integrity": "sha512-4zhGla3reHVeMcDa2R797Cj5X2riManyUiHwFRXgMrbIfaNb/KnqWpWYgwoOjUQcXkfILzCXpKqqs2srK2YNAA==",
            "dev": true,
            "requires": {
                "axios": "^0.24.0"
            }
        },
        "@mcma/core": {
            "version": "0.14.8",
            "resolved": "https://registry.npmjs.org/@mcma/core/-/core-0.14.8.tgz",
            "integrity": "sha512-RChE61G11Ta1E743CtivmQe9TOW10kl5+BiyS+LOpZUtjsVbkEPVCN8Y3x47H03sto24ghlOGUQMURwTlebCLA==",
            "dev": true,
            "requires": {
                "uuid": "^7.0.3"
            }
        },
        "@mcma/data": {
            "version": "0.14.8",
            "resolved": "https://registry.npmjs.org/@mcma/data/-/data-0.14.8.tgz",
            "integrity": "sha512-VqyRbYqoo7qDZVvO2hLzZGfJPeC6BnCA7RCcHdQ5HMDHZOi3IGBIoTUVNDOtPYVn0f9zlmb8I79xNwoRTTgQkg==",
            "dev": true,
            "requires": {}
        },
        "@types/node": {
            "version": "10.17.60",
            "resolved": "https://registry.npmjs.org/@types/node/-/node-10.17.60.tgz",
            "integrity": "sha512-F0KIgDJfy2nA3zMLmWGKxcH2ZVEtCZXHHdOQs2gSaQ27+lNeEfGxzkIw90aXswATX7AZ33tahPbzy6KAfUreVw==",
            "dev": true
        },
        "axios": {
            "version": "0.24.0",
            "resolved": "https://registry.npmjs.org/axios/-/axios-0.24.0.tgz",
            "integrity": "sha512-Q6cWsys88HoPgAaFAVUb0WpPk0O8iTeisR9IMqy9G8AbO4NlpVknrnQS03zzF9PGAWgO3cgletO3VjV/P7VztA==",
            "dev": true,
            "requires": {
                "follow-redirects": "^1.14.4"
            }
        },
        "crypto-js": {
            "version": "3.3.0",
            "resolved": "https://registry.npmjs.org/crypto-js/-/crypto-js-3.3.0.tgz",
            "integrity": "sha512-DIT51nX0dCfKltpRiXV+/TVZq+Qq2NgF4644+K7Ttnla7zEzqc+kjJyiB96BHNyUTBxyjzRcZYpUdZa+QAqi6Q==",
            "dev": true
        },
        "follow-redirects": {
            "version": "1.15.2",
            "resolved": "https://registry.npmjs.org/follow-redirects/-/follow-redirects-1.15.2.tgz",
            "integrity": "sha512-VQLG33o04KaQ8uYi2tVNbdrWp1QWxNNea+nmIB4EVM28v0hmP17z7aG1+wAkNzVq4KeXTq3221ye5qTJP91JwA==",
            "dev": true
        },
        "uuid": {
            "version": "7.0.3",
            "resolved": "https://registry.npmjs.org/uuid/-/uuid-7.0.3.tgz",
            "integrity": "sha512-DPSke0pXhTZgoF/d+WSt2QaKMCFSfx7QegxEWT+JOuHF5aWrKEn0G+ztjuJg/gG8/ItK+rbPCD/yNv8yyih6Cg==",
            "dev": true
        }
    }
}
