{
    "name": "@local/common",
    "version": "0.0.0",
    "lockfileVersion": 1,
    "requires": true,
    "dependencies": {
        "@mcma/aws-client": {
            "version": "0.14.7",
            "resolved": "https://registry.npmjs.org/@mcma/aws-client/-/aws-client-0.14.7.tgz",
            "integrity": "sha512-I5Z2DrPIYNKPFj7Cfp8I6GkBw4wFXfKFPjFvg8X6cyszyM4NSIltDONoahnNhQqmySYZuM7dUVzINZoeGxdhBQ==",
            "dev": true,
            "requires": {
                "crypto-js": "^3.1.9-1"
            }
        },
        "@mcma/client": {
            "version": "0.14.7",
            "resolved": "https://registry.npmjs.org/@mcma/client/-/client-0.14.7.tgz",
            "integrity": "sha512-rUv0z0j6GfSKpmQXLbcTva13vC0/9i2mVOF3DAT4QNTCLIbapkSLkXf4OLSjIznP4wzU5KzEyjoV4bGtT2v9TA==",
            "dev": true,
            "requires": {
                "axios": "^0.24.0"
            }
        },
        "@mcma/core": {
            "version": "0.14.7",
            "resolved": "https://registry.npmjs.org/@mcma/core/-/core-0.14.7.tgz",
            "integrity": "sha512-zh+Uo49CWQJAs0bzHkBYfVsmJKKls9jvQGhckYkMi/Yosco+d1R4isPBFCosr0er0wPagM6mh0Nu8SESfpI4+w==",
            "dev": true,
            "requires": {
                "uuid": "^7.0.3"
            }
        },
        "@mcma/data": {
            "version": "0.14.7",
            "resolved": "https://registry.npmjs.org/@mcma/data/-/data-0.14.7.tgz",
            "integrity": "sha512-EzskMVCyL9jC3ZtypK5XHlvucaIu0QnpkCWEx65TJLv7+Ns0JXTQjDucXhWIg0etvLwi/2xi+8++SX7umFIa3g==",
            "dev": true
        },
        "@types/node": {
            "version": "10.17.60",
            "resolved": "https://registry.npmjs.org/@types/node/-/node-10.17.60.tgz",
            "integrity": "sha512-F0KIgDJfy2nA3zMLmWGKxcH2ZVEtCZXHHdOQs2gSaQ27+lNeEfGxzkIw90aXswATX7AZ33tahPbzy6KAfUreVw==",
            "dev": true
        },
        "axios": {
            "version": "0.24.0",
            "resolved": "https://registry.npmjs.org/axios/-/axios-0.24.0.tgz",
            "integrity": "sha512-Q6cWsys88HoPgAaFAVUb0WpPk0O8iTeisR9IMqy9G8AbO4NlpVknrnQS03zzF9PGAWgO3cgletO3VjV/P7VztA==",
            "dev": true,
            "requires": {
                "follow-redirects": "^1.14.4"
            }
        },
        "crypto-js": {
            "version": "3.3.0",
            "resolved": "https://registry.npmjs.org/crypto-js/-/crypto-js-3.3.0.tgz",
            "integrity": "sha512-DIT51nX0dCfKltpRiXV+/TVZq+Qq2NgF4644+K7Ttnla7zEzqc+kjJyiB96BHNyUTBxyjzRcZYpUdZa+QAqi6Q==",
            "dev": true
        },
        "follow-redirects": {
            "version": "1.15.2",
            "resolved": "https://registry.npmjs.org/follow-redirects/-/follow-redirects-1.15.2.tgz",
            "integrity": "sha512-VQLG33o04KaQ8uYi2tVNbdrWp1QWxNNea+nmIB4EVM28v0hmP17z7aG1+wAkNzVq4KeXTq3221ye5qTJP91JwA==",
            "dev": true
        },
        "uuid": {
            "version": "7.0.3",
            "resolved": "https://registry.npmjs.org/uuid/-/uuid-7.0.3.tgz",
            "integrity": "sha512-DPSke0pXhTZgoF/d+WSt2QaKMCFSfx7QegxEWT+JOuHF5aWrKEn0G+ztjuJg/gG8/ItK+rbPCD/yNv8yyih6Cg==",
            "dev": true
        }
    }
}
